
Microsoft Visual Studio Solution File, Format Version 12.00
# Visual Studio Version 16
VisualStudioVersion = 16.0.31702.278
MinimumVisualStudioVersion = 10.0.40219.1
Project("{FAE04EC0-301F-11D3-BF4B-00C04F79EFBC}") = "DelegatesHM", "DelegatesHM.csproj", "{746AAC3A-F404-4787-BECB-F793423D705E}"
EndProject
Project("{FAE04EC0-301F-11D3-BF4B-00C04F79EFBC}") = "Calculator", "..\Calculator\Calculator.csproj", "{22C1761F-9EB8-4247-A379-FA8C2E84B1A6}"
EndProject
Project("{FAE04EC0-301F-11D3-BF4B-00C04F79EFBC}") = "Students", "..\Students\Students.csproj", "{1CCCCB8D-5CF2-4785-9152-67004CD9150C}"
EndProject
Global
	GlobalSection(SolutionConfigurationPlatforms) = preSolution
		Debug|Any CPU = Debug|Any CPU
		Release|Any CPU = Release|Any CPU
	EndGlobalSection
	GlobalSection(ProjectConfigurationPlatforms) = postSolution
		{746AAC3A-F404-4787-BECB-F793423D705E}.Debug|Any CPU.ActiveCfg = Debug|Any CPU
		{746AAC3A-F404-4787-BECB-F793423D705E}.Debug|Any CPU.Build.0 = Debug|Any CPU
		{746AAC3A-F404-4787-BECB-F793423D705E}.Release|Any CPU.ActiveCfg = Release|Any CPU
		{746AAC3A-F404-4787-BECB-F793423D705E}.Release|Any CPU.Build.0 = Release|Any CPU
		{22C1761F-9EB8-4247-A379-FA8C2E84B1A6}.Debug|Any CPU.ActiveCfg = Debug|Any CPU
		{22C1761F-9EB8-4247-A379-FA8C2E84B1A6}.Debug|Any CPU.Build.0 = Debug|Any CPU
		{22C1761F-9EB8-4247-A379-FA8C2E84B1A6}.Release|Any CPU.ActiveCfg = Release|Any CPU
		{22C1761F-9EB8-4247-A379-FA8C2E84B1A6}.Release|Any CPU.Build.0 = Release|Any CPU
		{1CCCCB8D-5CF2-4785-9152-67004CD9150C}.Debug|Any CPU.ActiveCfg = Debug|Any CPU
		{1CCCCB8D-5CF2-4785-9152-67004CD9150C}.Debug|Any CPU.Build.0 = Debug|Any CPU
		{1CCCCB8D-5CF2-4785-9152-67004CD9150C}.Release|Any CPU.ActiveCfg = Release|Any CPU
		{1CCCCB8D-5CF2-4785-9152-67004CD9150C}.Release|Any CPU.Build.0 = Release|Any CPU
	EndGlobalSection
	GlobalSection(SolutionProperties) = preSolution
		HideSolutionNode = FALSE
	EndGlobalSection
	GlobalSection(ExtensibilityGlobals) = postSolution
		SolutionGuid = {97902CEF-47C3-4F92-89DE-7A671A4C71D8}
	EndGlobalSection
EndGlobal
